
Microsoft Visual Studio Solution File, Format Version 12.00
# Visual Studio Version 17
VisualStudioVersion = 17.14.36310.24
MinimumVisualStudioVersion = 10.0.40219.1
Project("{FAE04EC0-301F-11D3-BF4B-00C04F79EFBC}") = "gg.parse", "gg.parse.csproj", "{E7662FE3-4D90-4D08-BDBD-433CC893115C}"
EndProject
Project("{FAE04EC0-301F-11D3-BF4B-00C04F79EFBC}") = "gg.parse.tests", "..\gg.parse.tests\gg.parse.tests.csproj", "{7F60D9BE-E132-B235-A0FB-02FC83157ADD}"
EndProject
Global
	GlobalSection(SolutionConfigurationPlatforms) = preSolution
		Debug|Any CPU = Debug|Any CPU
		Release|Any CPU = Release|Any CPU
	EndGlobalSection
	GlobalSection(ProjectConfigurationPlatforms) = postSolution
		{E7662FE3-4D90-4D08-BDBD-433CC893115C}.Debug|Any CPU.ActiveCfg = Debug|Any CPU
		{E7662FE3-4D90-4D08-BDBD-433CC893115C}.Debug|Any CPU.Build.0 = Debug|Any CPU
		{E7662FE3-4D90-4D08-BDBD-433CC893115C}.Release|Any CPU.ActiveCfg = Release|Any CPU
		{E7662FE3-4D90-4D08-BDBD-433CC893115C}.Release|Any CPU.Build.0 = Release|Any CPU
		{7F60D9BE-E132-B235-A0FB-02FC83157ADD}.Debug|Any CPU.ActiveCfg = Debug|Any CPU
		{7F60D9BE-E132-B235-A0FB-02FC83157ADD}.Debug|Any CPU.Build.0 = Debug|Any CPU
		{7F60D9BE-E132-B235-A0FB-02FC83157ADD}.Release|Any CPU.ActiveCfg = Release|Any CPU
		{7F60D9BE-E132-B235-A0FB-02FC83157ADD}.Release|Any CPU.Build.0 = Release|Any CPU
	EndGlobalSection
	GlobalSection(SolutionProperties) = preSolution
		HideSolutionNode = FALSE
	EndGlobalSection
	GlobalSection(ExtensibilityGlobals) = postSolution
		SolutionGuid = {3E5591AE-041B-4FA3-A767-84575C6450FC}
	EndGlobalSection
EndGlobal
