
Microsoft Visual Studio Solution File, Format Version 12.00
# Visual Studio Version 17
VisualStudioVersion = 17.14.36310.24
MinimumVisualStudioVersion = 10.0.40219.1
Project("{FAE04EC0-301F-11D3-BF4B-00C04F79EFBC}") = "gg.parse", "gg.parse\gg.parse.csproj", "{4F8F6BA8-3818-0778-A30B-ED21BC91EBEE}"
EndProject
Project("{FAE04EC0-301F-11D3-BF4B-00C04F79EFBC}") = "gg.parse.tests", "gg.parse.tests\gg.parse.tests.csproj", "{FACD592E-3B42-9259-CEC4-321D64B4CE09}"
EndProject
Project("{2150E333-8FDC-42A3-9474-1A3956D46DE8}") = "0. Solution Items", "0. Solution Items", "{8EC462FD-D22E-90A8-E5CE-7E832BA40C5D}"
	ProjectSection(SolutionItems) = preProject
		readme.md = readme.md
		todo.md = todo.md
	EndProjectSection
EndProject
Project("{2150E333-8FDC-42A3-9474-1A3956D46DE8}") = "1. Core", "1. Core", "{02EA681E-C7D8-13C7-8484-4AC65E1B71E8}"
EndProject
Project("{FAE04EC0-301F-11D3-BF4B-00C04F79EFBC}") = "gg.parse.script", "gg.parse.script\gg.parse.script.csproj", "{607DD360-B8D8-4B90-8AA7-8E32A38A03E0}"
EndProject
Project("{FAE04EC0-301F-11D3-BF4B-00C04F79EFBC}") = "gg.parse.script.tests", "gg.parse.script.tests\gg.parse.script.tests.csproj", "{933398D0-F337-4E03-A82A-E888BA882973}"
EndProject
Project("{FAE04EC0-301F-11D3-BF4B-00C04F79EFBC}") = "gg.parse.calculator", "gg.parse.calculator\gg.parse.calculator.csproj", "{7CC943E9-3827-4F28-998F-B14D5D951F0B}"
EndProject
Project("{FAE04EC0-301F-11D3-BF4B-00C04F79EFBC}") = "gg.parse.calculator.tests", "gg.parse.calculator.tests\gg.parse.calculator.tests.csproj", "{FCCF69DD-4059-4DD0-905E-65AFF020E734}"
EndProject
Project("{FAE04EC0-301F-11D3-BF4B-00C04F79EFBC}") = "gg.parse.json", "gg.parse.json\gg.parse.json.csproj", "{406AB1F7-DB67-4AF7-0828-C1A1AAABA4ED}"
EndProject
Project("{FAE04EC0-301F-11D3-BF4B-00C04F79EFBC}") = "gg.parse.json.tests", "gg.parse.json.tests\gg.parse.json.tests.csproj", "{764FD203-CE1F-0FDD-31B3-9A9B12188098}"
EndProject
Project("{2150E333-8FDC-42A3-9474-1A3956D46DE8}") = "3. Examples", "3. Examples", "{4EED52E6-283D-4ED2-B0AA-508240E063E0}"
EndProject
Project("{2150E333-8FDC-42A3-9474-1A3956D46DE8}") = "Calculator", "Calculator", "{DE4501FD-1917-4F2B-8A4A-CFB95F42E508}"
EndProject
Project("{2150E333-8FDC-42A3-9474-1A3956D46DE8}") = "Annotation", "Annotation", "{4DDE7E7B-E7B5-4299-991C-AE52BBF66DDA}"
EndProject
Project("{2150E333-8FDC-42A3-9474-1A3956D46DE8}") = "2. Script", "2. Script", "{1C9627FC-D171-4982-BDCC-6F865EA40B75}"
EndProject
Project("{2150E333-8FDC-42A3-9474-1A3956D46DE8}") = "Doc", "Doc", "{6590C2FC-290E-4E88-938B-23B7BF5BE0DF}"
EndProject
Project("{FAE04EC0-301F-11D3-BF4B-00C04F79EFBC}") = "gg.parse.doc.examples.test", "gg.parse.doc.examples.test\gg.parse.doc.examples.test.csproj", "{14964C8C-D6C8-46D1-85AD-A7164A99B3F4}"
EndProject
Global
	GlobalSection(SolutionConfigurationPlatforms) = preSolution
		Debug|Any CPU = Debug|Any CPU
		Release|Any CPU = Release|Any CPU
	EndGlobalSection
	GlobalSection(ProjectConfigurationPlatforms) = postSolution
		{4F8F6BA8-3818-0778-A30B-ED21BC91EBEE}.Debug|Any CPU.ActiveCfg = Debug|Any CPU
		{4F8F6BA8-3818-0778-A30B-ED21BC91EBEE}.Debug|Any CPU.Build.0 = Debug|Any CPU
		{4F8F6BA8-3818-0778-A30B-ED21BC91EBEE}.Release|Any CPU.ActiveCfg = Release|Any CPU
		{4F8F6BA8-3818-0778-A30B-ED21BC91EBEE}.Release|Any CPU.Build.0 = Release|Any CPU
		{FACD592E-3B42-9259-CEC4-321D64B4CE09}.Debug|Any CPU.ActiveCfg = Debug|Any CPU
		{FACD592E-3B42-9259-CEC4-321D64B4CE09}.Debug|Any CPU.Build.0 = Debug|Any CPU
		{FACD592E-3B42-9259-CEC4-321D64B4CE09}.Release|Any CPU.ActiveCfg = Release|Any CPU
		{FACD592E-3B42-9259-CEC4-321D64B4CE09}.Release|Any CPU.Build.0 = Release|Any CPU
		{607DD360-B8D8-4B90-8AA7-8E32A38A03E0}.Debug|Any CPU.ActiveCfg = Debug|Any CPU
		{607DD360-B8D8-4B90-8AA7-8E32A38A03E0}.Debug|Any CPU.Build.0 = Debug|Any CPU
		{607DD360-B8D8-4B90-8AA7-8E32A38A03E0}.Release|Any CPU.ActiveCfg = Release|Any CPU
		{607DD360-B8D8-4B90-8AA7-8E32A38A03E0}.Release|Any CPU.Build.0 = Release|Any CPU
		{933398D0-F337-4E03-A82A-E888BA882973}.Debug|Any CPU.ActiveCfg = Debug|Any CPU
		{933398D0-F337-4E03-A82A-E888BA882973}.Debug|Any CPU.Build.0 = Debug|Any CPU
		{933398D0-F337-4E03-A82A-E888BA882973}.Release|Any CPU.ActiveCfg = Release|Any CPU
		{933398D0-F337-4E03-A82A-E888BA882973}.Release|Any CPU.Build.0 = Release|Any CPU
		{7CC943E9-3827-4F28-998F-B14D5D951F0B}.Debug|Any CPU.ActiveCfg = Debug|Any CPU
		{7CC943E9-3827-4F28-998F-B14D5D951F0B}.Debug|Any CPU.Build.0 = Debug|Any CPU
		{7CC943E9-3827-4F28-998F-B14D5D951F0B}.Release|Any CPU.ActiveCfg = Release|Any CPU
		{7CC943E9-3827-4F28-998F-B14D5D951F0B}.Release|Any CPU.Build.0 = Release|Any CPU
		{FCCF69DD-4059-4DD0-905E-65AFF020E734}.Debug|Any CPU.ActiveCfg = Debug|Any CPU
		{FCCF69DD-4059-4DD0-905E-65AFF020E734}.Debug|Any CPU.Build.0 = Debug|Any CPU
		{FCCF69DD-4059-4DD0-905E-65AFF020E734}.Release|Any CPU.ActiveCfg = Release|Any CPU
		{FCCF69DD-4059-4DD0-905E-65AFF020E734}.Release|Any CPU.Build.0 = Release|Any CPU
		{406AB1F7-DB67-4AF7-0828-C1A1AAABA4ED}.Debug|Any CPU.ActiveCfg = Debug|Any CPU
		{406AB1F7-DB67-4AF7-0828-C1A1AAABA4ED}.Debug|Any CPU.Build.0 = Debug|Any CPU
		{406AB1F7-DB67-4AF7-0828-C1A1AAABA4ED}.Release|Any CPU.ActiveCfg = Release|Any CPU
		{406AB1F7-DB67-4AF7-0828-C1A1AAABA4ED}.Release|Any CPU.Build.0 = Release|Any CPU
		{764FD203-CE1F-0FDD-31B3-9A9B12188098}.Debug|Any CPU.ActiveCfg = Debug|Any CPU
		{764FD203-CE1F-0FDD-31B3-9A9B12188098}.Debug|Any CPU.Build.0 = Debug|Any CPU
		{764FD203-CE1F-0FDD-31B3-9A9B12188098}.Release|Any CPU.ActiveCfg = Release|Any CPU
		{764FD203-CE1F-0FDD-31B3-9A9B12188098}.Release|Any CPU.Build.0 = Release|Any CPU
		{14964C8C-D6C8-46D1-85AD-A7164A99B3F4}.Debug|Any CPU.ActiveCfg = Debug|Any CPU
		{14964C8C-D6C8-46D1-85AD-A7164A99B3F4}.Debug|Any CPU.Build.0 = Debug|Any CPU
		{14964C8C-D6C8-46D1-85AD-A7164A99B3F4}.Release|Any CPU.ActiveCfg = Release|Any CPU
		{14964C8C-D6C8-46D1-85AD-A7164A99B3F4}.Release|Any CPU.Build.0 = Release|Any CPU
	EndGlobalSection
	GlobalSection(SolutionProperties) = preSolution
		HideSolutionNode = FALSE
	EndGlobalSection
	GlobalSection(NestedProjects) = preSolution
		{4F8F6BA8-3818-0778-A30B-ED21BC91EBEE} = {02EA681E-C7D8-13C7-8484-4AC65E1B71E8}
		{FACD592E-3B42-9259-CEC4-321D64B4CE09} = {02EA681E-C7D8-13C7-8484-4AC65E1B71E8}
		{607DD360-B8D8-4B90-8AA7-8E32A38A03E0} = {1C9627FC-D171-4982-BDCC-6F865EA40B75}
		{933398D0-F337-4E03-A82A-E888BA882973} = {1C9627FC-D171-4982-BDCC-6F865EA40B75}
		{7CC943E9-3827-4F28-998F-B14D5D951F0B} = {DE4501FD-1917-4F2B-8A4A-CFB95F42E508}
		{FCCF69DD-4059-4DD0-905E-65AFF020E734} = {DE4501FD-1917-4F2B-8A4A-CFB95F42E508}
		{406AB1F7-DB67-4AF7-0828-C1A1AAABA4ED} = {4DDE7E7B-E7B5-4299-991C-AE52BBF66DDA}
		{764FD203-CE1F-0FDD-31B3-9A9B12188098} = {4DDE7E7B-E7B5-4299-991C-AE52BBF66DDA}
		{DE4501FD-1917-4F2B-8A4A-CFB95F42E508} = {4EED52E6-283D-4ED2-B0AA-508240E063E0}
		{4DDE7E7B-E7B5-4299-991C-AE52BBF66DDA} = {4EED52E6-283D-4ED2-B0AA-508240E063E0}
		{6590C2FC-290E-4E88-938B-23B7BF5BE0DF} = {4EED52E6-283D-4ED2-B0AA-508240E063E0}
		{14964C8C-D6C8-46D1-85AD-A7164A99B3F4} = {6590C2FC-290E-4E88-938B-23B7BF5BE0DF}
	EndGlobalSection
	GlobalSection(ExtensibilityGlobals) = postSolution
		SolutionGuid = {3E5591AE-041B-4FA3-A767-84575C6450FC}
	EndGlobalSection
EndGlobal
