
Microsoft Visual Studio Solution File, Format Version 12.00
# Visual Studio Version 17
VisualStudioVersion = 17.14.36310.24
MinimumVisualStudioVersion = 10.0.40219.1
Project("{FAE04EC0-301F-11D3-BF4B-00C04F79EFBC}") = "gg.parse", "gg.parse\gg.parse.csproj", "{4F8F6BA8-3818-0778-A30B-ED21BC91EBEE}"
EndProject
Project("{FAE04EC0-301F-11D3-BF4B-00C04F79EFBC}") = "gg.parse.tests", "gg.parse.tests\gg.parse.tests.csproj", "{FACD592E-3B42-9259-CEC4-321D64B4CE09}"
EndProject
Global
	GlobalSection(SolutionConfigurationPlatforms) = preSolution
		Debug|Any CPU = Debug|Any CPU
		Release|Any CPU = Release|Any CPU
	EndGlobalSection
	GlobalSection(ProjectConfigurationPlatforms) = postSolution
		{4F8F6BA8-3818-0778-A30B-ED21BC91EBEE}.Debug|Any CPU.ActiveCfg = Debug|Any CPU
		{4F8F6BA8-3818-0778-A30B-ED21BC91EBEE}.Debug|Any CPU.Build.0 = Debug|Any CPU
		{4F8F6BA8-3818-0778-A30B-ED21BC91EBEE}.Release|Any CPU.ActiveCfg = Release|Any CPU
		{4F8F6BA8-3818-0778-A30B-ED21BC91EBEE}.Release|Any CPU.Build.0 = Release|Any CPU
		{FACD592E-3B42-9259-CEC4-321D64B4CE09}.Debug|Any CPU.ActiveCfg = Debug|Any CPU
		{FACD592E-3B42-9259-CEC4-321D64B4CE09}.Debug|Any CPU.Build.0 = Debug|Any CPU
		{FACD592E-3B42-9259-CEC4-321D64B4CE09}.Release|Any CPU.ActiveCfg = Release|Any CPU
		{FACD592E-3B42-9259-CEC4-321D64B4CE09}.Release|Any CPU.Build.0 = Release|Any CPU
	EndGlobalSection
	GlobalSection(SolutionProperties) = preSolution
		HideSolutionNode = FALSE
	EndGlobalSection
	GlobalSection(ExtensibilityGlobals) = postSolution
		SolutionGuid = {3E5591AE-041B-4FA3-A767-84575C6450FC}
	EndGlobalSection
EndGlobal
