
Microsoft Visual Studio Solution File, Format Version 12.00
# Visual Studio Version 17
VisualStudioVersion = 17.14.36310.24
MinimumVisualStudioVersion = 10.0.40219.1
Project("{FAE04EC0-301F-11D3-BF4B-00C04F79EFBC}") = "gg.parse", "gg.parse\gg.parse.csproj", "{4F8F6BA8-3818-0778-A30B-ED21BC91EBEE}"
EndProject
Project("{FAE04EC0-301F-11D3-BF4B-00C04F79EFBC}") = "gg.parse.tests", "gg.parse.tests\gg.parse.tests.csproj", "{FACD592E-3B42-9259-CEC4-321D64B4CE09}"
EndProject
Project("{2150E333-8FDC-42A3-9474-1A3956D46DE8}") = "0. Solution Items", "0. Solution Items", "{8EC462FD-D22E-90A8-E5CE-7E832BA40C5D}"
	ProjectSection(SolutionItems) = preProject
		.editorconfig = .editorconfig
		readme.md = readme.md
		doc\todo.md = doc\todo.md
	EndProjectSection
EndProject
Project("{2150E333-8FDC-42A3-9474-1A3956D46DE8}") = "1. Core", "1. Core", "{02EA681E-C7D8-13C7-8484-4AC65E1B71E8}"
EndProject
Project("{FAE04EC0-301F-11D3-BF4B-00C04F79EFBC}") = "gg.parse.script", "gg.parse.script\gg.parse.script.csproj", "{607DD360-B8D8-4B90-8AA7-8E32A38A03E0}"
EndProject
Project("{FAE04EC0-301F-11D3-BF4B-00C04F79EFBC}") = "gg.parse.script.tests", "gg.parse.script.tests\gg.parse.script.tests.csproj", "{933398D0-F337-4E03-A82A-E888BA882973}"
EndProject
Project("{2150E333-8FDC-42A3-9474-1A3956D46DE8}") = "3. Examples", "3. Examples", "{4EED52E6-283D-4ED2-B0AA-508240E063E0}"
EndProject
Project("{2150E333-8FDC-42A3-9474-1A3956D46DE8}") = "4. Calculator", "4. Calculator", "{DE4501FD-1917-4F2B-8A4A-CFB95F42E508}"
EndProject
Project("{2150E333-8FDC-42A3-9474-1A3956D46DE8}") = "3. Annotation", "3. Annotation", "{4DDE7E7B-E7B5-4299-991C-AE52BBF66DDA}"
EndProject
Project("{2150E333-8FDC-42A3-9474-1A3956D46DE8}") = "2. Script", "2. Script", "{1C9627FC-D171-4982-BDCC-6F865EA40B75}"
EndProject
Project("{2150E333-8FDC-42A3-9474-1A3956D46DE8}") = "0. DocExamples", "0. DocExamples", "{6590C2FC-290E-4E88-938B-23B7BF5BE0DF}"
EndProject
Project("{2150E333-8FDC-42A3-9474-1A3956D46DE8}") = "2. ArgParser", "2. ArgParser", "{3A67D021-5C9B-4E9E-AA0D-4F8DE55687A1}"
EndProject
Project("{2150E333-8FDC-42A3-9474-1A3956D46DE8}") = "doc", "doc", "{8D303D6A-1B65-421D-ADC4-18EE58F8021A}"
	ProjectSection(SolutionItems) = preProject
		doc\breakpoint.md = doc\breakpoint.md
		doc\extending_parse_script.md = doc\extending_parse_script.md
		license.md = license.md
		doc\match-any-data.md = doc\match-any-data.md
		doc\match-condition.md = doc\match-condition.md
		doc\match-count.md = doc\match-count.md
		doc\match-data-range.md = doc\match-data-range.md
		doc\match-data-sequence.md = doc\match-data-sequence.md
		doc\match-evaluation.md = doc\match-evaluation.md
		doc\match-not.md = doc\match-not.md
		doc\pruning.md = doc\pruning.md
		doc\rule-reference.md = doc\rule-reference.md
		doc\rulegraph.md = doc\rulegraph.md
		doc\rules.md = doc\rules.md
	EndProjectSection
EndProject
Project("{2150E333-8FDC-42A3-9474-1A3956D46DE8}") = ".github", ".github", "{8F4DF6A8-8B2C-44D3-8CDC-F31EFD831741}"
EndProject
Project("{2150E333-8FDC-42A3-9474-1A3956D46DE8}") = "workflows", "workflows", "{5078236F-F891-461B-80D9-D9B588C4E100}"
	ProjectSection(SolutionItems) = preProject
		..\.github\workflows\unittests-debug.yml = ..\.github\workflows\unittests-debug.yml
		..\.github\workflows\unittests-release.yml = ..\.github\workflows\unittests-release.yml
	EndProjectSection
EndProject
Project("{2150E333-8FDC-42A3-9474-1A3956D46DE8}") = "1. Properties", "1. Properties", "{E4708210-E779-4A91-BA44-386A8D8EF9C3}"
EndProject
Project("{FAE04EC0-301F-11D3-BF4B-00C04F79EFBC}") = "gg.parse.doc.examples.test", "examples\gg.parse.doc.examples.test\gg.parse.doc.examples.test.csproj", "{CB95B68B-3779-6DB9-808A-6CD8A3F75C43}"
EndProject
Project("{FAE04EC0-301F-11D3-BF4B-00C04F79EFBC}") = "gg.parse.argparser", "examples\gg.parse.argparser\gg.parse.argparser.csproj", "{DA2AB797-4E3A-A964-7D50-29A52FC90C67}"
EndProject
Project("{FAE04EC0-301F-11D3-BF4B-00C04F79EFBC}") = "gg.parse.argparser.tests", "examples\gg.parse.argparser.tests\gg.parse.argparser.tests.csproj", "{683C4732-CC4D-50DD-5D08-B54C1FC23FAA}"
EndProject
Project("{FAE04EC0-301F-11D3-BF4B-00C04F79EFBC}") = "gg.parse.json", "examples\gg.parse.json\gg.parse.json.csproj", "{01EF7EED-853B-7737-8064-55FEDA475F76}"
EndProject
Project("{FAE04EC0-301F-11D3-BF4B-00C04F79EFBC}") = "gg.parse.json.tests", "examples\gg.parse.json.tests\gg.parse.json.tests.csproj", "{155A676D-0830-9C1F-5F9B-16750200D1E6}"
EndProject
Project("{FAE04EC0-301F-11D3-BF4B-00C04F79EFBC}") = "gg.parse.calculator", "examples\gg.parse.calculator\gg.parse.calculator.csproj", "{FF138735-4984-39B5-FD04-F5E6AF7457F1}"
EndProject
Project("{FAE04EC0-301F-11D3-BF4B-00C04F79EFBC}") = "gg.parse.calculator.tests", "examples\gg.parse.calculator.tests\gg.parse.calculator.tests.csproj", "{43EF84F0-3645-DA1A-A802-01E2B529E5C9}"
EndProject
Project("{FAE04EC0-301F-11D3-BF4B-00C04F79EFBC}") = "gg.parse.properties", "examples\gg.parse.properties\gg.parse.properties.csproj", "{21662C18-2B04-4A43-90D6-4CE2095707ED}"
EndProject
Project("{FAE04EC0-301F-11D3-BF4B-00C04F79EFBC}") = "gg.parse.properties.tests", "examples\gg.parse.properties.tests\gg.parse.properties.tests\gg.parse.properties.tests.csproj", "{065968A7-994B-44B0-B050-E70D9DF868EE}"
EndProject
Project("{2150E333-8FDC-42A3-9474-1A3956D46DE8}") = "4. CLI", "4. CLI", "{72DD9043-4F32-45AF-8FD0-E830A0F4DE8A}"
EndProject
Project("{FAE04EC0-301F-11D3-BF4B-00C04F79EFBC}") = "gg.parse.cli", "gg.parse.cli\gg.parse.cli.csproj", "{1062AA21-F165-4D11-99B2-B346F9CE98C2}"
EndProject
Global
	GlobalSection(SolutionConfigurationPlatforms) = preSolution
		Debug|Any CPU = Debug|Any CPU
		Release|Any CPU = Release|Any CPU
	EndGlobalSection
	GlobalSection(ProjectConfigurationPlatforms) = postSolution
		{4F8F6BA8-3818-0778-A30B-ED21BC91EBEE}.Debug|Any CPU.ActiveCfg = Debug|Any CPU
		{4F8F6BA8-3818-0778-A30B-ED21BC91EBEE}.Debug|Any CPU.Build.0 = Debug|Any CPU
		{4F8F6BA8-3818-0778-A30B-ED21BC91EBEE}.Release|Any CPU.ActiveCfg = Release|Any CPU
		{4F8F6BA8-3818-0778-A30B-ED21BC91EBEE}.Release|Any CPU.Build.0 = Release|Any CPU
		{FACD592E-3B42-9259-CEC4-321D64B4CE09}.Debug|Any CPU.ActiveCfg = Debug|Any CPU
		{FACD592E-3B42-9259-CEC4-321D64B4CE09}.Debug|Any CPU.Build.0 = Debug|Any CPU
		{FACD592E-3B42-9259-CEC4-321D64B4CE09}.Release|Any CPU.ActiveCfg = Release|Any CPU
		{FACD592E-3B42-9259-CEC4-321D64B4CE09}.Release|Any CPU.Build.0 = Release|Any CPU
		{607DD360-B8D8-4B90-8AA7-8E32A38A03E0}.Debug|Any CPU.ActiveCfg = Debug|Any CPU
		{607DD360-B8D8-4B90-8AA7-8E32A38A03E0}.Debug|Any CPU.Build.0 = Debug|Any CPU
		{607DD360-B8D8-4B90-8AA7-8E32A38A03E0}.Release|Any CPU.ActiveCfg = Release|Any CPU
		{607DD360-B8D8-4B90-8AA7-8E32A38A03E0}.Release|Any CPU.Build.0 = Release|Any CPU
		{933398D0-F337-4E03-A82A-E888BA882973}.Debug|Any CPU.ActiveCfg = Debug|Any CPU
		{933398D0-F337-4E03-A82A-E888BA882973}.Debug|Any CPU.Build.0 = Debug|Any CPU
		{933398D0-F337-4E03-A82A-E888BA882973}.Release|Any CPU.ActiveCfg = Release|Any CPU
		{933398D0-F337-4E03-A82A-E888BA882973}.Release|Any CPU.Build.0 = Release|Any CPU
		{CB95B68B-3779-6DB9-808A-6CD8A3F75C43}.Debug|Any CPU.ActiveCfg = Debug|Any CPU
		{CB95B68B-3779-6DB9-808A-6CD8A3F75C43}.Debug|Any CPU.Build.0 = Debug|Any CPU
		{CB95B68B-3779-6DB9-808A-6CD8A3F75C43}.Release|Any CPU.ActiveCfg = Release|Any CPU
		{CB95B68B-3779-6DB9-808A-6CD8A3F75C43}.Release|Any CPU.Build.0 = Release|Any CPU
		{DA2AB797-4E3A-A964-7D50-29A52FC90C67}.Debug|Any CPU.ActiveCfg = Debug|Any CPU
		{DA2AB797-4E3A-A964-7D50-29A52FC90C67}.Debug|Any CPU.Build.0 = Debug|Any CPU
		{DA2AB797-4E3A-A964-7D50-29A52FC90C67}.Release|Any CPU.ActiveCfg = Release|Any CPU
		{DA2AB797-4E3A-A964-7D50-29A52FC90C67}.Release|Any CPU.Build.0 = Release|Any CPU
		{683C4732-CC4D-50DD-5D08-B54C1FC23FAA}.Debug|Any CPU.ActiveCfg = Debug|Any CPU
		{683C4732-CC4D-50DD-5D08-B54C1FC23FAA}.Debug|Any CPU.Build.0 = Debug|Any CPU
		{683C4732-CC4D-50DD-5D08-B54C1FC23FAA}.Release|Any CPU.ActiveCfg = Release|Any CPU
		{683C4732-CC4D-50DD-5D08-B54C1FC23FAA}.Release|Any CPU.Build.0 = Release|Any CPU
		{01EF7EED-853B-7737-8064-55FEDA475F76}.Debug|Any CPU.ActiveCfg = Debug|Any CPU
		{01EF7EED-853B-7737-8064-55FEDA475F76}.Debug|Any CPU.Build.0 = Debug|Any CPU
		{01EF7EED-853B-7737-8064-55FEDA475F76}.Release|Any CPU.ActiveCfg = Release|Any CPU
		{01EF7EED-853B-7737-8064-55FEDA475F76}.Release|Any CPU.Build.0 = Release|Any CPU
		{155A676D-0830-9C1F-5F9B-16750200D1E6}.Debug|Any CPU.ActiveCfg = Debug|Any CPU
		{155A676D-0830-9C1F-5F9B-16750200D1E6}.Debug|Any CPU.Build.0 = Debug|Any CPU
		{155A676D-0830-9C1F-5F9B-16750200D1E6}.Release|Any CPU.ActiveCfg = Release|Any CPU
		{155A676D-0830-9C1F-5F9B-16750200D1E6}.Release|Any CPU.Build.0 = Release|Any CPU
		{FF138735-4984-39B5-FD04-F5E6AF7457F1}.Debug|Any CPU.ActiveCfg = Debug|Any CPU
		{FF138735-4984-39B5-FD04-F5E6AF7457F1}.Debug|Any CPU.Build.0 = Debug|Any CPU
		{FF138735-4984-39B5-FD04-F5E6AF7457F1}.Release|Any CPU.ActiveCfg = Release|Any CPU
		{FF138735-4984-39B5-FD04-F5E6AF7457F1}.Release|Any CPU.Build.0 = Release|Any CPU
		{43EF84F0-3645-DA1A-A802-01E2B529E5C9}.Debug|Any CPU.ActiveCfg = Debug|Any CPU
		{43EF84F0-3645-DA1A-A802-01E2B529E5C9}.Debug|Any CPU.Build.0 = Debug|Any CPU
		{43EF84F0-3645-DA1A-A802-01E2B529E5C9}.Release|Any CPU.ActiveCfg = Release|Any CPU
		{43EF84F0-3645-DA1A-A802-01E2B529E5C9}.Release|Any CPU.Build.0 = Release|Any CPU
		{21662C18-2B04-4A43-90D6-4CE2095707ED}.Debug|Any CPU.ActiveCfg = Debug|Any CPU
		{21662C18-2B04-4A43-90D6-4CE2095707ED}.Debug|Any CPU.Build.0 = Debug|Any CPU
		{21662C18-2B04-4A43-90D6-4CE2095707ED}.Release|Any CPU.ActiveCfg = Release|Any CPU
		{21662C18-2B04-4A43-90D6-4CE2095707ED}.Release|Any CPU.Build.0 = Release|Any CPU
		{065968A7-994B-44B0-B050-E70D9DF868EE}.Debug|Any CPU.ActiveCfg = Debug|Any CPU
		{065968A7-994B-44B0-B050-E70D9DF868EE}.Debug|Any CPU.Build.0 = Debug|Any CPU
		{065968A7-994B-44B0-B050-E70D9DF868EE}.Release|Any CPU.ActiveCfg = Release|Any CPU
		{065968A7-994B-44B0-B050-E70D9DF868EE}.Release|Any CPU.Build.0 = Release|Any CPU
		{1062AA21-F165-4D11-99B2-B346F9CE98C2}.Debug|Any CPU.ActiveCfg = Debug|Any CPU
		{1062AA21-F165-4D11-99B2-B346F9CE98C2}.Debug|Any CPU.Build.0 = Debug|Any CPU
		{1062AA21-F165-4D11-99B2-B346F9CE98C2}.Release|Any CPU.ActiveCfg = Release|Any CPU
		{1062AA21-F165-4D11-99B2-B346F9CE98C2}.Release|Any CPU.Build.0 = Release|Any CPU
	EndGlobalSection
	GlobalSection(SolutionProperties) = preSolution
		HideSolutionNode = FALSE
	EndGlobalSection
	GlobalSection(NestedProjects) = preSolution
		{4F8F6BA8-3818-0778-A30B-ED21BC91EBEE} = {02EA681E-C7D8-13C7-8484-4AC65E1B71E8}
		{FACD592E-3B42-9259-CEC4-321D64B4CE09} = {02EA681E-C7D8-13C7-8484-4AC65E1B71E8}
		{607DD360-B8D8-4B90-8AA7-8E32A38A03E0} = {1C9627FC-D171-4982-BDCC-6F865EA40B75}
		{933398D0-F337-4E03-A82A-E888BA882973} = {1C9627FC-D171-4982-BDCC-6F865EA40B75}
		{DE4501FD-1917-4F2B-8A4A-CFB95F42E508} = {4EED52E6-283D-4ED2-B0AA-508240E063E0}
		{4DDE7E7B-E7B5-4299-991C-AE52BBF66DDA} = {4EED52E6-283D-4ED2-B0AA-508240E063E0}
		{6590C2FC-290E-4E88-938B-23B7BF5BE0DF} = {4EED52E6-283D-4ED2-B0AA-508240E063E0}
		{3A67D021-5C9B-4E9E-AA0D-4F8DE55687A1} = {4EED52E6-283D-4ED2-B0AA-508240E063E0}
		{8D303D6A-1B65-421D-ADC4-18EE58F8021A} = {8EC462FD-D22E-90A8-E5CE-7E832BA40C5D}
		{8F4DF6A8-8B2C-44D3-8CDC-F31EFD831741} = {8EC462FD-D22E-90A8-E5CE-7E832BA40C5D}
		{5078236F-F891-461B-80D9-D9B588C4E100} = {8F4DF6A8-8B2C-44D3-8CDC-F31EFD831741}
		{E4708210-E779-4A91-BA44-386A8D8EF9C3} = {4EED52E6-283D-4ED2-B0AA-508240E063E0}
		{CB95B68B-3779-6DB9-808A-6CD8A3F75C43} = {6590C2FC-290E-4E88-938B-23B7BF5BE0DF}
		{DA2AB797-4E3A-A964-7D50-29A52FC90C67} = {3A67D021-5C9B-4E9E-AA0D-4F8DE55687A1}
		{683C4732-CC4D-50DD-5D08-B54C1FC23FAA} = {3A67D021-5C9B-4E9E-AA0D-4F8DE55687A1}
		{01EF7EED-853B-7737-8064-55FEDA475F76} = {4DDE7E7B-E7B5-4299-991C-AE52BBF66DDA}
		{155A676D-0830-9C1F-5F9B-16750200D1E6} = {4DDE7E7B-E7B5-4299-991C-AE52BBF66DDA}
		{FF138735-4984-39B5-FD04-F5E6AF7457F1} = {DE4501FD-1917-4F2B-8A4A-CFB95F42E508}
		{43EF84F0-3645-DA1A-A802-01E2B529E5C9} = {DE4501FD-1917-4F2B-8A4A-CFB95F42E508}
		{21662C18-2B04-4A43-90D6-4CE2095707ED} = {E4708210-E779-4A91-BA44-386A8D8EF9C3}
		{065968A7-994B-44B0-B050-E70D9DF868EE} = {E4708210-E779-4A91-BA44-386A8D8EF9C3}
		{1062AA21-F165-4D11-99B2-B346F9CE98C2} = {72DD9043-4F32-45AF-8FD0-E830A0F4DE8A}
	EndGlobalSection
	GlobalSection(ExtensibilityGlobals) = postSolution
		SolutionGuid = {3E5591AE-041B-4FA3-A767-84575C6450FC}
	EndGlobalSection
EndGlobal
